
Microsoft Visual Studio Solution File, Format Version 12.00
# Visual Studio Version 17
VisualStudioVersion = 17.9.34728.123
MinimumVisualStudioVersion = 10.0.40219.1
Project("{FAE04EC0-301F-11D3-BF4B-00C04F79EFBC}") = "Shopping Cart", "Shopping Cart\Shopping Cart.csproj", "{E2632C2E-DF8E-416F-9A8A-738BB6E7452B}"
EndProject
Global
	GlobalSection(SolutionConfigurationPlatforms) = preSolution
		Debug|Any CPU = Debug|Any CPU
		Release|Any CPU = Release|Any CPU
	EndGlobalSection
	GlobalSection(ProjectConfigurationPlatforms) = postSolution
		{E2632C2E-DF8E-416F-9A8A-738BB6E7452B}.Debug|Any CPU.ActiveCfg = Debug|Any CPU
		{E2632C2E-DF8E-416F-9A8A-738BB6E7452B}.Debug|Any CPU.Build.0 = Debug|Any CPU
		{E2632C2E-DF8E-416F-9A8A-738BB6E7452B}.Release|Any CPU.ActiveCfg = Release|Any CPU
		{E2632C2E-DF8E-416F-9A8A-738BB6E7452B}.Release|Any CPU.Build.0 = Release|Any CPU
	EndGlobalSection
	GlobalSection(SolutionProperties) = preSolution
		HideSolutionNode = FALSE
	EndGlobalSection
	GlobalSection(ExtensibilityGlobals) = postSolution
		SolutionGuid = {5EDF3605-BA34-464C-A939-FB960755CADB}
	EndGlobalSection
EndGlobal
